
Microsoft Visual Studio Solution File, Format Version 12.00
# Visual Studio Version 17
VisualStudioVersion = 17.8.34330.188
MinimumVisualStudioVersion = 10.0.40219.1
Project("{FAE04EC0-301F-11D3-BF4B-00C04F79EFBC}") = "Unit 2_physicsformulas", "Unit 2_physicsformulas\Unit 2_physicsformulas.csproj", "{736CA2D4-6FA5-4F95-A946-C6C5641FD9F2}"
EndProject
Global
	GlobalSection(SolutionConfigurationPlatforms) = preSolution
		Debug|Any CPU = Debug|Any CPU
		Release|Any CPU = Release|Any CPU
	EndGlobalSection
	GlobalSection(ProjectConfigurationPlatforms) = postSolution
		{736CA2D4-6FA5-4F95-A946-C6C5641FD9F2}.Debug|Any CPU.ActiveCfg = Debug|Any CPU
		{736CA2D4-6FA5-4F95-A946-C6C5641FD9F2}.Debug|Any CPU.Build.0 = Debug|Any CPU
		{736CA2D4-6FA5-4F95-A946-C6C5641FD9F2}.Release|Any CPU.ActiveCfg = Release|Any CPU
		{736CA2D4-6FA5-4F95-A946-C6C5641FD9F2}.Release|Any CPU.Build.0 = Release|Any CPU
	EndGlobalSection
	GlobalSection(SolutionProperties) = preSolution
		HideSolutionNode = FALSE
	EndGlobalSection
	GlobalSection(ExtensibilityGlobals) = postSolution
		SolutionGuid = {2AC1AE9A-5025-4B19-B57C-9A5F0B89C218}
	EndGlobalSection
EndGlobal
